
Microsoft Visual Studio Solution File, Format Version 11.00
# Visual Studio 2010
Project("{8BC9CEB8-8B4A-11D0-8D11-00A0C91BC942}") = "raytracing", "raytracing\raytracing.vcxproj", "{89E5FDE4-8A56-4E25-BCA9-FF878902B1B8}"
EndProject
Global
	GlobalSection(SolutionConfigurationPlatforms) = preSolution
		Debug|Win32 = Debug|Win32
		Release|Win32 = Release|Win32
	EndGlobalSection
	GlobalSection(ProjectConfigurationPlatforms) = postSolution
		{89E5FDE4-8A56-4E25-BCA9-FF878902B1B8}.Debug|Win32.ActiveCfg = Debug|Win32
		{89E5FDE4-8A56-4E25-BCA9-FF878902B1B8}.Debug|Win32.Build.0 = Debug|Win32
		{89E5FDE4-8A56-4E25-BCA9-FF878902B1B8}.Release|Win32.ActiveCfg = Release|Win32
		{89E5FDE4-8A56-4E25-BCA9-FF878902B1B8}.Release|Win32.Build.0 = Release|Win32
	EndGlobalSection
	GlobalSection(SolutionProperties) = preSolution
		HideSolutionNode = FALSE
	EndGlobalSection
EndGlobal
